# Generated by pub
# See https://dart.dev/tools/pub/glossary#lockfile
packages:
  _fe_analyzer_shared:
    dependency: transitive
    description:
      name: _fe_analyzer_shared
<<<<<<< HEAD
      sha256: a36ec4843dc30ea6bf652bf25e3448db6c5e8bcf4aa55f063a5d1dad216d8214
=======
      sha256: "65ad6db2f0ce5b50ce27cc2b23758216a741414e82e01b60237111c530c4934a"
>>>>>>> origin/spork_htlc
      url: "https://pub.dev"
    source: hosted
    version: "58.0.0"
  analyzer:
    dependency: transitive
    description:
      name: analyzer
<<<<<<< HEAD
      sha256: cc4242565347e98424ce9945c819c192ec0838cb9d1f6aa4a97cc96becbc5b27
=======
      sha256: a4cd0fa9ca834bf263582910259546ec2725b9a8675ce51a171cd37f03fc5495
>>>>>>> origin/spork_htlc
      url: "https://pub.dev"
    source: hosted
    version: "5.10.0"
  analyzer_plugin:
    dependency: transitive
    description:
      name: analyzer_plugin
<<<<<<< HEAD
      sha256: c1d5f167683de03d5ab6c3b53fc9aeefc5d59476e7810ba7bbddff50c6f4392d
=======
      sha256: f25ddec490a021485c9d9cd02ded1563962bc4c5193f15560d8a63a93c0d0c60
>>>>>>> origin/spork_htlc
      url: "https://pub.dev"
    source: hosted
    version: "0.11.2"
  ansicolor:
    dependency: transitive
    description:
      name: ansicolor
      sha256: "607f8fa9786f392043f169898923e6c59b4518242b68b8862eb8a8b7d9c30b4a"
      url: "https://pub.dev"
    source: hosted
    version: "2.0.1"
  argon2_ffi_base:
    dependency: "direct main"
    description:
      name: argon2_ffi_base
<<<<<<< HEAD
      sha256: "6e8dcdd6cf7f31287a7f7c9ab1db349b3b0ff8f87866dbb1c2582140f79d60aa"
=======
      sha256: afb48b48cb418fe632863983a54c231c097f495129d3fc9d758d17d209663977
>>>>>>> origin/spork_htlc
      url: "https://pub.dev"
    source: hosted
    version: "1.1.1"
  args:
    dependency: transitive
    description:
      name: args
<<<<<<< HEAD
      sha256: c372bb384f273f0c2a8aaaa226dad84dc27c8519a691b888725dec59518ad53a
=======
      sha256: "0bd9a99b6eb96f07af141f0eb53eace8983e8e5aa5de59777aca31684680ef22"
>>>>>>> origin/spork_htlc
      url: "https://pub.dev"
    source: hosted
    version: "2.4.1"
  async:
    dependency: transitive
    description:
      name: async
<<<<<<< HEAD
      sha256: "947bfcf187f74dbc5e146c9eb9c0f10c9f8b30743e341481c1e2ed3ecc18c20c"
=======
      sha256: db4766341bd8ecb66556f31ab891a5d596ef829221993531bd64a8e6342f0cda
>>>>>>> origin/spork_htlc
      url: "https://pub.dev"
    source: hosted
    version: "2.11.0"
  bech32:
    dependency: "direct main"
    description:
      name: bech32
<<<<<<< HEAD
      sha256: "156cbace936f7720c79a79d16a03efad343b1ef17106716e04b8b8e39f99f7f7"
=======
      sha256: c36ff22d905b5864cafa7a3cf5e65dd2ca26cff30db1d6a9bd1bbfa2a231e58f
>>>>>>> origin/spork_htlc
      url: "https://pub.dev"
    source: hosted
    version: "0.2.2"
  big_decimal:
    dependency: "direct main"
    description:
      name: big_decimal
      sha256: "301158ec5a646d1e1a0ca7a97fbfab7be18a8df700adb7f7cb9c4149e75c8f0c"
      url: "https://pub.dev"
    source: hosted
    version: "0.5.0"
  bip32:
    dependency: "direct main"
    description:
      name: bip32
      sha256: "54787cd7a111e9d37394aabbf53d1fc5e2e0e0af2cd01c459147a97c0e3f8a97"
      url: "https://pub.dev"
    source: hosted
    version: "2.0.0"
  bip39:
    dependency: "direct main"
    description:
      name: bip39
      sha256: de1ee27ebe7d96b84bb3a04a4132a0a3007dcdd5ad27dd14aa87a29d97c45edc
      url: "https://pub.dev"
    source: hosted
    version: "1.0.6"
  boolean_selector:
    dependency: transitive
    description:
      name: boolean_selector
<<<<<<< HEAD
      sha256: "6cfb5af12253eaf2b368f07bacc5a80d1301a071c73360d746b7f2e32d762c66"
=======
      sha256: "5bbf32bc9e518d41ec49718e2931cd4527292c9b0c6d2dffcf7fe6b9a8a8cf72"
>>>>>>> origin/spork_htlc
      url: "https://pub.dev"
    source: hosted
    version: "2.1.1"
  bs58check:
    dependency: transitive
    description:
      name: bs58check
      sha256: c4a164d42b25c2f6bc88a8beccb9fc7d01440f3c60ba23663a20a70faf484ea9
      url: "https://pub.dev"
    source: hosted
    version: "1.0.2"
<<<<<<< HEAD
=======
  charcode:
    dependency: transitive
    description:
      name: charcode
      sha256: fb98c0f6d12c920a02ee2d998da788bca066ca5f148492b7085ee23372b12306
      url: "https://pub.dev"
    source: hosted
    version: "1.3.1"
  cli_util:
    dependency: transitive
    description:
      name: cli_util
      sha256: "66f86e916d285c1a93d3b79587d94bd71984a66aac4ff74e524cfa7877f1395c"
      url: "https://pub.dev"
    source: hosted
    version: "0.3.5"
>>>>>>> origin/spork_htlc
  collection:
    dependency: "direct main"
    description:
      name: collection
<<<<<<< HEAD
      sha256: "4a07be6cb69c84d677a6c3096fcf960cc3285a8330b4603e0d463d15d9bd934c"
=======
      sha256: "6d4193120997ecfd09acf0e313f13dc122b119e5eca87ef57a7d065ec9183762"
>>>>>>> origin/spork_htlc
      url: "https://pub.dev"
    source: hosted
    version: "1.17.1"
  convert:
    dependency: transitive
    description:
      name: convert
<<<<<<< HEAD
      sha256: "0f08b14755d163f6e2134cb58222dd25ea2a2ee8a195e53983d57c075324d592"
=======
      sha256: f08428ad63615f96a27e34221c65e1a451439b5f26030f78d790f461c686d65d
>>>>>>> origin/spork_htlc
      url: "https://pub.dev"
    source: hosted
    version: "3.1.1"
  coverage:
    dependency: transitive
    description:
      name: coverage
<<<<<<< HEAD
      sha256: "2fb815080e44a09b85e0f2ca8a820b15053982b2e714b59267719e8a9ff17097"
=======
      sha256: ad538fa2e8f6b828d54c04a438af816ce814de404690136d3b9dfb3a436cd01c
>>>>>>> origin/spork_htlc
      url: "https://pub.dev"
    source: hosted
    version: "1.6.3"
  crypto:
    dependency: transitive
    description:
      name: crypto
<<<<<<< HEAD
      sha256: ff625774173754681d66daaf4a448684fb04b78f902da9cb3d308c19cc5e8bab
=======
      sha256: cf75650c66c0316274e21d7c43d3dea246273af5955bd94e8184837cd577575c
>>>>>>> origin/spork_htlc
      url: "https://pub.dev"
    source: hosted
    version: "3.0.3"
  cryptography:
    dependency: "direct main"
    description:
      name: cryptography
<<<<<<< HEAD
      sha256: df156c5109286340817d21fa7b62f9140f17915077127dd70f8bd7a2a0997a35
=======
      sha256: e0e37f79665cd5c86e8897f9abe1accfe813c0cc5299dab22256e22fddc1fef8
>>>>>>> origin/spork_htlc
      url: "https://pub.dev"
    source: hosted
    version: "2.5.0"
  csslib:
    dependency: transitive
    description:
      name: csslib
<<<<<<< HEAD
      sha256: b36c7f7e24c0bdf1bf9a3da461c837d1de64b9f8beb190c9011d8c72a3dfd745
=======
      sha256: d1cd6d6e4b39a4ad295204722b8608f19981677b223f3e942c0b5a33dcf57ec0
>>>>>>> origin/spork_htlc
      url: "https://pub.dev"
    source: hosted
    version: "0.17.2"
  dart_code_metrics:
    dependency: "direct dev"
    description:
      name: dart_code_metrics
<<<<<<< HEAD
      sha256: "873890861a3d7e06fd5a6cd17d802e215ee1301dfb7cbcc7aeab9576e69330d0"
=======
      sha256: "9366874d7db7b622c616832d808193bea2e53ba910b4129a036d1a89595590d8"
>>>>>>> origin/spork_htlc
      url: "https://pub.dev"
    source: hosted
    version: "5.7.2"
  dart_code_metrics_presets:
    dependency: transitive
    description:
      name: dart_code_metrics_presets
      sha256: "9c9b0ecc5e23937a4b62c1fe3b3edb72d3c1b08563a1eac69fb75f1306bb57c4"
      url: "https://pub.dev"
    source: hosted
    version: "1.6.0"
  dart_style:
    dependency: transitive
    description:
      name: dart_style
<<<<<<< HEAD
      sha256: f4f1f73ab3fd2afcbcca165ee601fe980d966af6a21b5970c6c9376955c528ad
=======
      sha256: "2cac5b2dfcd79df1b57c117934d2d04e03f0420c0c6ea7bbf02836fcd34e131f"
>>>>>>> origin/spork_htlc
      url: "https://pub.dev"
    source: hosted
    version: "2.3.1"
  ffi:
    dependency: "direct main"
    description:
      name: ffi
<<<<<<< HEAD
      sha256: a38574032c5f1dd06c4aee541789906c12ccaab8ba01446e800d9c5b79c4a978
=======
      sha256: "35d0f481d939de0d640b3db9a7aa36a52cd22054a798a73b4f50bdad5ce12678"
>>>>>>> origin/spork_htlc
      url: "https://pub.dev"
    source: hosted
    version: "2.0.1"
  file:
    dependency: transitive
    description:
      name: file
<<<<<<< HEAD
      sha256: "1b92bec4fc2a72f59a8e15af5f52cd441e4a7860b49499d69dfa817af20e925d"
      url: "https://pub.dev"
    source: hosted
    version: "6.1.4"
=======
      sha256: b69516f2c26a5bcac4eee2e32512e1a5205ab312b3536c1c1227b2b942b5f9ad
      url: "https://pub.dev"
    source: hosted
    version: "6.1.2"
  fixnum:
    dependency: transitive
    description:
      name: fixnum
      sha256: "6a2ef17156f4dc49684f9d99aaf4a93aba8ac49f5eac861755f5730ddf6e2e4e"
      url: "https://pub.dev"
    source: hosted
    version: "1.0.0"
>>>>>>> origin/spork_htlc
  frontend_server_client:
    dependency: transitive
    description:
      name: frontend_server_client
<<<<<<< HEAD
      sha256: "408e3ca148b31c20282ad6f37ebfa6f4bdc8fede5b74bc2f08d9d92b55db3612"
=======
      sha256: "6d2930621b9377f6a4b7d260fce525d48dd77a334f0d5d4177d07b0dcb76c032"
>>>>>>> origin/spork_htlc
      url: "https://pub.dev"
    source: hosted
    version: "3.2.0"
  glob:
    dependency: transitive
    description:
      name: glob
<<<<<<< HEAD
      sha256: "4515b5b6ddb505ebdd242a5f2cc5d22d3d6a80013789debfbda7777f47ea308c"
=======
      sha256: "8321dd2c0ab0683a91a51307fa844c6db4aa8e3981219b78961672aaab434658"
>>>>>>> origin/spork_htlc
      url: "https://pub.dev"
    source: hosted
    version: "2.1.1"
  hex:
    dependency: "direct main"
    description:
      name: hex
      sha256: "4e7cd54e4b59ba026432a6be2dd9d96e4c5205725194997193bf871703b82c4a"
      url: "https://pub.dev"
    source: hosted
    version: "0.2.0"
  html:
    dependency: transitive
    description:
      name: html
<<<<<<< HEAD
      sha256: "58e3491f7bf0b6a4ea5110c0c688877460d1a6366731155c4a4580e7ded773e8"
=======
      sha256: bfef906cbd4e78ef49ae511d9074aebd1d2251482ef601a280973e8b58b51bbf
>>>>>>> origin/spork_htlc
      url: "https://pub.dev"
    source: hosted
    version: "0.15.3"
  http:
    dependency: transitive
    description:
      name: http
      sha256: "5895291c13fa8a3bd82e76d5627f69e0d85ca6a30dcac95c4ea19a5d555879c2"
      url: "https://pub.dev"
    source: hosted
    version: "0.13.6"
  http_multi_server:
    dependency: transitive
    description:
      name: http_multi_server
<<<<<<< HEAD
      sha256: "97486f20f9c2f7be8f514851703d0119c3596d14ea63227af6f7a481ef2b2f8b"
=======
      sha256: bfb651625e251a88804ad6d596af01ea903544757906addcb2dcdf088b5ea185
>>>>>>> origin/spork_htlc
      url: "https://pub.dev"
    source: hosted
    version: "3.2.1"
  http_parser:
    dependency: transitive
    description:
      name: http_parser
<<<<<<< HEAD
      sha256: "2aa08ce0341cc9b354a498388e30986515406668dbcc4f7c950c3e715496693b"
=======
      sha256: e362d639ba3bc07d5a71faebb98cde68c05bfbcfbbb444b60b6f60bb67719185
>>>>>>> origin/spork_htlc
      url: "https://pub.dev"
    source: hosted
    version: "4.0.2"
  io:
    dependency: transitive
    description:
      name: io
<<<<<<< HEAD
      sha256: "2ec25704aba361659e10e3e5f5d672068d332fc8ac516421d483a11e5cbd061e"
=======
      sha256: "0d4c73c3653ab85bf696d51a9657604c900a370549196a91f33e4c39af760852"
>>>>>>> origin/spork_htlc
      url: "https://pub.dev"
    source: hosted
    version: "1.0.4"
  js:
    dependency: transitive
    description:
      name: js
<<<<<<< HEAD
      sha256: f2c445dce49627136094980615a031419f7f3eb393237e4ecd97ac15dea343f3
=======
      sha256: d9bdfd70d828eeb352390f81b18d6a354ef2044aa28ef25682079797fa7cd174
>>>>>>> origin/spork_htlc
      url: "https://pub.dev"
    source: hosted
    version: "0.6.7"
  json_annotation:
    dependency: transitive
    description:
      name: json_annotation
      sha256: b10a7b2ff83d83c777edba3c6a0f97045ddadd56c944e1a23a3fdf43a1bf4467
      url: "https://pub.dev"
    source: hosted
    version: "4.8.1"
  json_rpc_2:
    dependency: "direct main"
    description:
      name: json_rpc_2
<<<<<<< HEAD
      sha256: "5e469bffa23899edacb7b22787780068d650b106a21c76db3c49218ab7ca447e"
=======
      sha256: f03482ca7adb5f3a5f0854d90005e2523f93aa6f510741aabe2f026fb5a65ae8
>>>>>>> origin/spork_htlc
      url: "https://pub.dev"
    source: hosted
    version: "3.0.2"
  lints:
    dependency: "direct dev"
    description:
      name: lints
<<<<<<< HEAD
      sha256: "5e4a9cd06d447758280a8ac2405101e0e2094d2a1dbdd3756aec3fe7775ba593"
=======
      sha256: a2c3d198cb5ea2e179926622d433331d8b58374ab8f29cdda6e863bd62fd369c
>>>>>>> origin/spork_htlc
      url: "https://pub.dev"
    source: hosted
    version: "2.0.1"
  logging:
    dependency: "direct main"
    description:
      name: logging
<<<<<<< HEAD
      sha256: "04094f2eb032cbb06c6f6e8d3607edcfcb0455e2bb6cbc010cb01171dcb64e6d"
=======
      sha256: "293ae2d49fd79d4c04944c3a26dfd313382d5f52e821ec57119230ae16031ad4"
>>>>>>> origin/spork_htlc
      url: "https://pub.dev"
    source: hosted
    version: "1.1.1"
  matcher:
    dependency: transitive
    description:
      name: matcher
<<<<<<< HEAD
      sha256: "6501fbd55da300384b768785b83e5ce66991266cec21af89ab9ae7f5ce1c4cbb"
=======
      sha256: "2e2c34e631f93410daa3ee3410250eadc77ac6befc02a040eda8a123f34e6f5a"
>>>>>>> origin/spork_htlc
      url: "https://pub.dev"
    source: hosted
    version: "0.12.15"
  meta:
    dependency: transitive
    description:
      name: meta
<<<<<<< HEAD
      sha256: "3c74dbf8763d36539f114c799d8a2d87343b5067e9d796ca22b5eb8437090ee3"
=======
      sha256: "5202fdd37b4da5fd14a237ed0a01cad6c1efd4c99b5b5a0d3c9237f3728c9485"
>>>>>>> origin/spork_htlc
      url: "https://pub.dev"
    source: hosted
    version: "1.9.1"
  mime:
    dependency: transitive
    description:
      name: mime
<<<<<<< HEAD
      sha256: e4ff8e8564c03f255408decd16e7899da1733852a9110a58fe6d1b817684a63e
=======
      sha256: fd5f81041e6a9fc9b9d7fa2cb8a01123f9f5d5d49136e06cb9dc7d33689529f4
>>>>>>> origin/spork_htlc
      url: "https://pub.dev"
    source: hosted
    version: "1.0.4"
  node_preamble:
    dependency: transitive
    description:
      name: node_preamble
<<<<<<< HEAD
      sha256: "6e7eac89047ab8a8d26cf16127b5ed26de65209847630400f9aefd7cd5c730db"
=======
      sha256: "8ebdbaa3b96d5285d068f80772390d27c21e1fa10fb2df6627b1b9415043608d"
>>>>>>> origin/spork_htlc
      url: "https://pub.dev"
    source: hosted
    version: "2.0.2"
  package_config:
    dependency: transitive
    description:
      name: package_config
<<<<<<< HEAD
      sha256: "1c5b77ccc91e4823a5af61ee74e6b972db1ef98c2ff5a18d3161c982a55448bd"
=======
      sha256: a4d5ede5ca9c3d88a2fef1147a078570c861714c806485c596b109819135bc12
>>>>>>> origin/spork_htlc
      url: "https://pub.dev"
    source: hosted
    version: "2.1.0"
  path:
    dependency: "direct main"
    description:
      name: path
<<<<<<< HEAD
      sha256: "8829d8a55c13fc0e37127c29fedf290c102f4e40ae94ada574091fe0ff96c917"
=======
      sha256: "2ad4cddff7f5cc0e2d13069f2a3f7a73ca18f66abd6f5ecf215219cdb3638edb"
>>>>>>> origin/spork_htlc
      url: "https://pub.dev"
    source: hosted
    version: "1.8.3"
  petitparser:
    dependency: transitive
    description:
      name: petitparser
      sha256: cb3798bef7fc021ac45b308f4b51208a152792445cce0448c9a4ba5879dd8750
      url: "https://pub.dev"
    source: hosted
    version: "5.4.0"
  platform:
    dependency: transitive
    description:
      name: platform
      sha256: "4a451831508d7d6ca779f7ac6e212b4023dd5a7d08a27a63da33756410e32b76"
      url: "https://pub.dev"
    source: hosted
    version: "3.1.0"
  pointycastle:
    dependency: "direct main"
    description:
      name: pointycastle
<<<<<<< HEAD
      sha256: "7c1e5f0d23c9016c5bbd8b1473d0d3fb3fc851b876046039509e18e0c7485f2c"
=======
      sha256: d0d95ef66e5327394d2dab33cbcb2cde3a9fb275abe75ebfedd0f54392878df7
>>>>>>> origin/spork_htlc
      url: "https://pub.dev"
    source: hosted
    version: "3.7.3"
  pool:
    dependency: transitive
    description:
      name: pool
<<<<<<< HEAD
      sha256: "20fe868b6314b322ea036ba325e6fc0711a22948856475e2c2b6306e8ab39c2a"
=======
      sha256: "05955e3de2683e1746222efd14b775df7131139e07695dc8e24650f6b4204504"
>>>>>>> origin/spork_htlc
      url: "https://pub.dev"
    source: hosted
    version: "1.5.1"
  process:
    dependency: transitive
    description:
      name: process
      sha256: "53fd8db9cec1d37b0574e12f07520d582019cb6c44abf5479a01505099a34a09"
      url: "https://pub.dev"
    source: hosted
    version: "4.2.4"
  pub_semver:
    dependency: transitive
    description:
      name: pub_semver
<<<<<<< HEAD
      sha256: "40d3ab1bbd474c4c2328c91e3a7df8c6dd629b79ece4c4bd04bee496a224fb0c"
=======
      sha256: b5a5fcc6425ea43704852ba4453ba94b08c2226c63418a260240c3a054579014
>>>>>>> origin/spork_htlc
      url: "https://pub.dev"
    source: hosted
    version: "2.1.4"
  pub_updater:
    dependency: transitive
    description:
      name: pub_updater
      sha256: "42890302ab2672adf567dc2b20e55b4ecc29d7e19c63b6b98143ab68dd717d3a"
      url: "https://pub.dev"
    source: hosted
    version: "0.2.4"
  sha3:
    dependency: "direct main"
    description:
      name: sha3
      sha256: efa0ad944b950965e7014ab02f407f0a62a64626259983af0e2f98cd39a73a8a
      url: "https://pub.dev"
    source: hosted
    version: "0.2.0"
  shelf:
    dependency: transitive
    description:
      name: shelf
<<<<<<< HEAD
      sha256: ad29c505aee705f41a4d8963641f91ac4cee3c8fad5947e033390a7bd8180fa4
=======
      sha256: c240984c924796e055e831a0a36db23be8cb04f170b26df572931ab36418421d
>>>>>>> origin/spork_htlc
      url: "https://pub.dev"
    source: hosted
    version: "1.4.1"
  shelf_packages_handler:
    dependency: transitive
    description:
      name: shelf_packages_handler
<<<<<<< HEAD
      sha256: "89f967eca29607c933ba9571d838be31d67f53f6e4ee15147d5dc2934fee1b1e"
=======
      sha256: e0b44ebddec91e70a713e13adf93c1b2100821303b86a18e1ef1d082bd8bd9b8
>>>>>>> origin/spork_htlc
      url: "https://pub.dev"
    source: hosted
    version: "3.0.2"
  shelf_static:
    dependency: transitive
    description:
      name: shelf_static
<<<<<<< HEAD
      sha256: a41d3f53c4adf0f57480578c1d61d90342cd617de7fc8077b1304643c2d85c1e
=======
      sha256: "4a0d12cd512aa4fc55fed5f6280f02ef183f47ba29b4b0dfd621b1c99b7e6361"
>>>>>>> origin/spork_htlc
      url: "https://pub.dev"
    source: hosted
    version: "1.1.2"
  shelf_web_socket:
    dependency: transitive
    description:
      name: shelf_web_socket
<<<<<<< HEAD
      sha256: "9ca081be41c60190ebcb4766b2486a7d50261db7bd0f5d9615f2d653637a84c1"
=======
      sha256: fd84910bf7d58db109082edf7326b75322b8f186162028482f53dc892f00332d
>>>>>>> origin/spork_htlc
      url: "https://pub.dev"
    source: hosted
    version: "1.0.4"
  source_map_stack_trace:
    dependency: transitive
    description:
      name: source_map_stack_trace
<<<<<<< HEAD
      sha256: "84cf769ad83aa6bb61e0aa5a18e53aea683395f196a6f39c4c881fb90ed4f7ae"
=======
      sha256: "8c463326277f68a628abab20580047b419c2ff66756fd0affd451f73f9508c11"
>>>>>>> origin/spork_htlc
      url: "https://pub.dev"
    source: hosted
    version: "2.1.1"
  source_maps:
    dependency: transitive
    description:
      name: source_maps
<<<<<<< HEAD
      sha256: "708b3f6b97248e5781f493b765c3337db11c5d2c81c3094f10904bfa8004c703"
=======
      sha256: "52de2200bb098de739794c82d09c41ac27b2e42fd7e23cce7b9c74bf653c7296"
>>>>>>> origin/spork_htlc
      url: "https://pub.dev"
    source: hosted
    version: "0.10.12"
  source_span:
    dependency: transitive
    description:
      name: source_span
<<<<<<< HEAD
      sha256: "53e943d4206a5e30df338fd4c6e7a077e02254531b138a15aec3bd143c1a8b3c"
=======
      sha256: d5f89a9e52b36240a80282b3dc0667dd36e53459717bb17b8fb102d30496606a
>>>>>>> origin/spork_htlc
      url: "https://pub.dev"
    source: hosted
    version: "1.10.0"
  stack_trace:
    dependency: transitive
    description:
      name: stack_trace
<<<<<<< HEAD
      sha256: c3c7d8edb15bee7f0f74debd4b9c5f3c2ea86766fe4178eb2a18eb30a0bdaed5
=======
      sha256: f8d9f247e2f9f90e32d1495ff32dac7e4ae34ffa7194c5ff8fcc0fd0e52df774
>>>>>>> origin/spork_htlc
      url: "https://pub.dev"
    source: hosted
    version: "1.11.0"
  stream_channel:
    dependency: "direct main"
    description:
      name: stream_channel
<<<<<<< HEAD
      sha256: "83615bee9045c1d322bbbd1ba209b7a749c2cbcdcb3fdd1df8eb488b3279c1c8"
=======
      sha256: db47e4797198ee601990820437179bb90219f918962318d494ada2b4b11e6f6d
>>>>>>> origin/spork_htlc
      url: "https://pub.dev"
    source: hosted
    version: "2.1.1"
  string_scanner:
    dependency: transitive
    description:
      name: string_scanner
<<<<<<< HEAD
      sha256: "556692adab6cfa87322a115640c11f13cb77b3f076ddcc5d6ae3c20242bedcde"
=======
      sha256: dd11571b8a03f7cadcf91ec26a77e02bfbd6bbba2a512924d3116646b4198fc4
>>>>>>> origin/spork_htlc
      url: "https://pub.dev"
    source: hosted
    version: "1.2.0"
  term_glyph:
    dependency: transitive
    description:
      name: term_glyph
<<<<<<< HEAD
      sha256: a29248a84fbb7c79282b40b8c72a1209db169a2e0542bce341da992fe1bc7e84
=======
      sha256: a88162591b02c1f3a3db3af8ce1ea2b374bd75a7bb8d5e353bcfbdc79d719830
>>>>>>> origin/spork_htlc
      url: "https://pub.dev"
    source: hosted
    version: "1.2.1"
  test:
    dependency: "direct dev"
    description:
      name: test
<<<<<<< HEAD
      sha256: "4f92f103ef63b1bbac6f4bd1930624fca81b2574464482512c4f0896319be575"
=======
      sha256: "46df5b71e44bf8ab81d3be767ed5f42859f6a28ec43bde80d02f6c46fa837f6f"
>>>>>>> origin/spork_htlc
      url: "https://pub.dev"
    source: hosted
    version: "1.24.2"
  test_api:
    dependency: transitive
    description:
      name: test_api
<<<<<<< HEAD
      sha256: daadc9baabec998b062c9091525aa95786508b1c48e9c30f1f891b8bf6ff2e64
=======
      sha256: "053996f38c9c80a64967d5299c83836c06a1f8a33780b4897b1b376f5d26519d"
>>>>>>> origin/spork_htlc
      url: "https://pub.dev"
    source: hosted
    version: "0.5.2"
  test_core:
    dependency: transitive
    description:
      name: test_core
<<<<<<< HEAD
      sha256: "3642b184882f79e76ca57a9230fb971e494c3c1fd09c21ae3083ce891bcc0aa1"
=======
      sha256: "53abc19dd282a0bc7de91e140eb9908a299c0ea11f3317e8dbf7ba89a87a3f07"
>>>>>>> origin/spork_htlc
      url: "https://pub.dev"
    source: hosted
    version: "0.5.2"
  typed_data:
    dependency: transitive
    description:
      name: typed_data
<<<<<<< HEAD
      sha256: "26f87ade979c47a150c9eaab93ccd2bebe70a27dc0b4b29517f2904f04eb11a5"
=======
      sha256: "53bdf7e979cfbf3e28987552fd72f637e63f3c8724c9e56d9246942dc2fa36ee"
>>>>>>> origin/spork_htlc
      url: "https://pub.dev"
    source: hosted
    version: "1.3.1"
  uuid:
    dependency: transitive
    description:
      name: uuid
      sha256: "648e103079f7c64a36dc7d39369cabb358d377078a051d6ae2ad3aa539519313"
      url: "https://pub.dev"
    source: hosted
    version: "3.0.7"
  vm_service:
    dependency: transitive
    description:
      name: vm_service
<<<<<<< HEAD
      sha256: d1ba6ce3fa60807433511f943b51607bd7073f8fe5c14286d66fec8e05c8d24c
=======
      sha256: "236d0319402bfb1391d3fef2ef2669c60217ba257459eadf2249d779a085f4bd"
>>>>>>> origin/spork_htlc
      url: "https://pub.dev"
    source: hosted
    version: "11.5.0"
  watcher:
    dependency: transitive
    description:
      name: watcher
<<<<<<< HEAD
      sha256: "6a7f46926b01ce81bfc339da6a7f20afbe7733eff9846f6d6a5466aa4c6667c0"
=======
      sha256: e42dfcc48f67618344da967b10f62de57e04bae01d9d3af4c2596f3712a88c99
>>>>>>> origin/spork_htlc
      url: "https://pub.dev"
    source: hosted
    version: "1.0.2"
  web_socket_channel:
    dependency: "direct main"
    description:
      name: web_socket_channel
<<<<<<< HEAD
      sha256: d88238e5eac9a42bb43ca4e721edba3c08c6354d4a53063afaa568516217621b
=======
      sha256: "0c2ada1b1aeb2ad031ca81872add6be049b8cb479262c6ad3c4b0f9c24eaab2f"
>>>>>>> origin/spork_htlc
      url: "https://pub.dev"
    source: hosted
    version: "2.4.0"
  webkit_inspection_protocol:
    dependency: transitive
    description:
      name: webkit_inspection_protocol
<<<<<<< HEAD
      sha256: "67d3a8b6c79e1987d19d848b0892e582dbb0c66c57cc1fef58a177dd2aa2823d"
=======
      sha256: "5adb6ab8ed14e22bb907aae7338f0c206ea21e7a27004e97664b16c120306f00"
>>>>>>> origin/spork_htlc
      url: "https://pub.dev"
    source: hosted
    version: "1.2.0"
  xml:
    dependency: transitive
    description:
      name: xml
      sha256: "5bc72e1e45e941d825fd7468b9b4cc3b9327942649aeb6fc5cdbf135f0a86e84"
      url: "https://pub.dev"
    source: hosted
    version: "6.3.0"
  yaml:
    dependency: transitive
    description:
      name: yaml
<<<<<<< HEAD
      sha256: "75769501ea3489fca56601ff33454fe45507ea3bfb014161abc3b43ae25989d5"
=======
      sha256: "3cee79b1715110341012d27756d9bae38e650588acd38d3f3c610822e1337ace"
>>>>>>> origin/spork_htlc
      url: "https://pub.dev"
    source: hosted
    version: "3.1.2"
sdks:
  dart: ">=2.19.0 <3.0.0"
